PODS:
  - GBCli (1.1)
  - handlebars-objc (1.4.6)
  - hoedown (3.0.7):
    - hoedown/standard (= 3.0.7)
  - hoedown/standard (3.0.7)
  - JJPluralForm (2.1)
  - LibYAML (0.1.4)
  - M13OrderedDictionary (1.1.0)
  - MASPreferences (1.3)
  - PAPreferences (0.5)
  - Sparkle (1.24.0)

DEPENDENCIES:
  - GBCli (~> 1.1)
  - handlebars-objc (~> 1.4)
  - hoedown (~> 3.0.7)
  - JJPluralForm (~> 2.1)
  - LibYAML (~> 0.1)
  - M13OrderedDictionary (~> 1.1)
  - MASPreferences (~> 1.3)
  - PAPreferences (~> 0.4)
  - Sparkle (~> 1.24)

SPEC REPOS:
  https://github.com/MacDownApp/cocoapods-specs.git:
    - handlebars-objc
    - hoedown
    - LibYAML
  trunk:
    - GBCli
    - JJPluralForm
    - M13OrderedDictionary
    - MASPreferences
    - PAPreferences
    - Sparkle

SPEC CHECKSUMS:
  GBCli: e5f988fadb68e1e3c01919f134009fed9796fde0
  handlebars-objc: 6e29828b009f66a54693c20ef9954198523da7ce
  hoedown: 8141833441f6430686c06bbc5159d7ce615155fb
  JJPluralForm: 9a6235813990a33a63fb3eff457eb2c633af6acd
  LibYAML: dee5c31dcab47b168425083c2b0a6baeacdf499e
  M13OrderedDictionary: 6e157fe9c82aa6b3cd7198f5c5c30c7a6834c4a6
  MASPreferences: c08b8622dd17b47da87669e741efd7c92e970e8c
  PAPreferences: 9f0ffb1e67174a0df001af9d3320166ceb9ee6f5
  Sparkle: 270cd27377bf04e9c128af06e3a22d0f572d6ee3

PODFILE CHECKSUM: 8647c11f148b94186ec177db56595ff63603ca5a

COCOAPODS: 1.10.0
