// !$*UTF8*$!
{
	archiveVersion = 1;
	classes = {
	};
	objectVersion = 46;
	objects = {

/* Begin PBXBuildFile section */
		1F0B60E7194CB7A50008F1BA /* Prism in Resources */ = {isa = PBXBuildFile; fileRef = 1F0B60E6194CB7A40008F1BA /* Prism */; };
		1F0D9D65194AC7CF008E1856 /* NSString+Lookup.m in Sources */ = {isa = PBXBuildFile; fileRef = 1F0D9D5F194AC7CF008E1856 /* NSString+Lookup.m */; };
		1F0D9D66194AC7CF008E1856 /* NSTextView+Autocomplete.m in Sources */ = {isa = PBXBuildFile; fileRef = 1F0D9D61194AC7CF008E1856 /* NSTextView+Autocomplete.m */; };
		1F0D9D67194AC7CF008E1856 /* MPUtilities.m in Sources */ = {isa = PBXBuildFile; fileRef = 1F0D9D64194AC7CF008E1856 /* MPUtilities.m */; };
		1F0D9D76194AC7F7008E1856 /* MPEditorPreferencesViewController.m in Sources */ = {isa = PBXBuildFile; fileRef = 1F0D9D6A194AC7F7008E1856 /* MPEditorPreferencesViewController.m */; };
		1F0D9D78194AC7F7008E1856 /* MPHtmlPreferencesViewController.m in Sources */ = {isa = PBXBuildFile; fileRef = 1F0D9D6D194AC7F7008E1856 /* MPHtmlPreferencesViewController.m */; };
		1F0D9D7A194AC7F7008E1856 /* MPMarkdownPreferencesViewController.m in Sources */ = {isa = PBXBuildFile; fileRef = 1F0D9D70194AC7F7008E1856 /* MPMarkdownPreferencesViewController.m */; };
		1F0D9D7C194AC7F7008E1856 /* MPPreferences.m in Sources */ = {isa = PBXBuildFile; fileRef = 1F0D9D73194AC7F7008E1856 /* MPPreferences.m */; };
		1F0D9D7D194AC7F7008E1856 /* MPPreferencesViewController.m in Sources */ = {isa = PBXBuildFile; fileRef = 1F0D9D75194AC7F7008E1856 /* MPPreferencesViewController.m */; };
		1F0D9D93194AC852008E1856 /* MPDocument.m in Sources */ = {isa = PBXBuildFile; fileRef = 1F0D9D92194AC852008E1856 /* MPDocument.m */; };
		1F0D9D9F194AC888008E1856 /* HGMarkdownHighlighter.m in Sources */ = {isa = PBXBuildFile; fileRef = 1F0D9D97194AC888008E1856 /* HGMarkdownHighlighter.m */; };
		1F0D9DA0194AC888008E1856 /* HGMarkdownHighlightingStyle.m in Sources */ = {isa = PBXBuildFile; fileRef = 1F0D9D99194AC888008E1856 /* HGMarkdownHighlightingStyle.m */; };
		1F0D9DA1194AC888008E1856 /* pmh_parser.c in Sources */ = {isa = PBXBuildFile; fileRef = 1F0D9D9B194AC888008E1856 /* pmh_parser.c */; settings = {COMPILER_FLAGS = "-Wno-conversion"; }; };
		1F0D9DA2194AC888008E1856 /* pmh_styleparser.c in Sources */ = {isa = PBXBuildFile; fileRef = 1F0D9D9D194AC888008E1856 /* pmh_styleparser.c */; settings = {COMPILER_FLAGS = "-Wno-conversion"; }; };
		1F0D9DAA194AC8CB008E1856 /* Credits.rtf in Resources */ = {isa = PBXBuildFile; fileRef = 1F0D9DA6194AC8CB008E1856 /* Credits.rtf */; };
		1F0D9DAB194AC8CB008E1856 /* InfoPlist.strings in Resources */ = {isa = PBXBuildFile; fileRef = 1F0D9DA8194AC8CB008E1856 /* InfoPlist.strings */; };
		1F0D9DAD194AC8EF008E1856 /* Images.xcassets in Resources */ = {isa = PBXBuildFile; fileRef = 1F0D9DAC194AC8EF008E1856 /* Images.xcassets */; };
		1F0D9DAF194AC905008E1856 /* main.m in Sources */ = {isa = PBXBuildFile; fileRef = 1F0D9DAE194AC905008E1856 /* main.m */; };
		1F0D9DB0194AC9EE008E1856 /* MPDocument.xib in Resources */ = {isa = PBXBuildFile; fileRef = 1F0D9D83194AC83C008E1856 /* MPDocument.xib */; };
		1F0D9DB1194AC9EE008E1856 /* MPEditorPreferencesViewController.xib in Resources */ = {isa = PBXBuildFile; fileRef = 1F0D9D85194AC83C008E1856 /* MPEditorPreferencesViewController.xib */; };
		1F0D9DB2194AC9EE008E1856 /* MPHtmlPreferencesViewController.xib in Resources */ = {isa = PBXBuildFile; fileRef = 1F0D9D87194AC83C008E1856 /* MPHtmlPreferencesViewController.xib */; };
		1F0D9DB3194AC9EE008E1856 /* MPMarkdownPreferencesViewController.xib in Resources */ = {isa = PBXBuildFile; fileRef = 1F0D9D89194AC83C008E1856 /* MPMarkdownPreferencesViewController.xib */; };
		1F0D9DB4194AC9EE008E1856 /* MainMenu.xib in Resources */ = {isa = PBXBuildFile; fileRef = 1F0D9D81194AC83C008E1856 /* MainMenu.xib */; };
		1F4C8E9A194AE0B9004BF82E /* MarkdownDocument.icns in Resources */ = {isa = PBXBuildFile; fileRef = 1F4C8E99194AE0B9004BF82E /* MarkdownDocument.icns */; };
		1F51C9A5194565050015A96F /* MPPreferencesTests.m in Sources */ = {isa = PBXBuildFile; fileRef = 1FCDCA311944F96E00B1F966 /* MPPreferencesTests.m */; };
		1F9A14EC194EEE9900D1C6A9 /* MPExportPanelAccessoryViewController.m in Sources */ = {isa = PBXBuildFile; fileRef = 1F9A14E9194EEE9900D1C6A9 /* MPExportPanelAccessoryViewController.m */; };
		1F9A14ED194EEE9900D1C6A9 /* MPMainController.m in Sources */ = {isa = PBXBuildFile; fileRef = 1F9A14EB194EEE9900D1C6A9 /* MPMainController.m */; };
		1F9A14EF194EEEDD00D1C6A9 /* Styles in Resources */ = {isa = PBXBuildFile; fileRef = 1F9A14EE194EEEDD00D1C6A9 /* Styles */; };
		1F9A14F4194EF6A600D1C6A9 /* Themes in Resources */ = {isa = PBXBuildFile; fileRef = 1F9A14F3194EF6A600D1C6A9 /* Themes */; };
		1F9A14F6194EFF1F00D1C6A9 /* PreferencesMarkdown.png in Resources */ = {isa = PBXBuildFile; fileRef = 1F9A14F5194EFF1F00D1C6A9 /* PreferencesMarkdown.png */; };
		1FA6CDB91952D2CD008D5CA0 /* dsa_pub.pem in Resources */ = {isa = PBXBuildFile; fileRef = 1FA6CDB81952D2CD008D5CA0 /* dsa_pub.pem */; };
		1FA6DE251941CC9E000409FB /* Cocoa.framework in Frameworks */ = {isa = PBXBuildFile; fileRef = 1FA6DE241941CC9E000409FB /* Cocoa.framework */; };
		1FA6DE481941CC9E000409FB /* Cocoa.framework in Frameworks */ = {isa = PBXBuildFile; fileRef = 1FA6DE241941CC9E000409FB /* Cocoa.framework */; };
		1FBBD4BE194C952300BB3C88 /* MPExportPanelAccessoryViewController.xib in Resources */ = {isa = PBXBuildFile; fileRef = 1FBBD4BC194C952300BB3C88 /* MPExportPanelAccessoryViewController.xib */; };
		1FBBD4CB194CA36500BB3C88 /* hoedown_html_patch.c in Sources */ = {isa = PBXBuildFile; fileRef = 1FBBD4CA194CA36500BB3C88 /* hoedown_html_patch.c */; };
		1FC29F5C1944FC2600D616C7 /* XCTest.framework in Frameworks */ = {isa = PBXBuildFile; fileRef = 1FC29F5B1944FC2600D616C7 /* XCTest.framework */; };
		1FC29F5E1944FC4F00D616C7 /* InfoPlist.strings in Resources */ = {isa = PBXBuildFile; fileRef = 1FCDCA321944F96E00B1F966 /* InfoPlist.strings */; };
		1FD7F8DE194A0211007ED2A1 /* Data in Resources */ = {isa = PBXBuildFile; fileRef = 1FD7F8DD194A0211007ED2A1 /* Data */; };
		1FF207631941CF22005B5654 /* WebKit.framework in Frameworks */ = {isa = PBXBuildFile; fileRef = 1FF207621941CF22005B5654 /* WebKit.framework */; };
		1FFF301D1948A5320009AF24 /* MPStringLookupTests.m in Sources */ = {isa = PBXBuildFile; fileRef = 1FFF301C1948A5320009AF24 /* MPStringLookupTests.m */; };
		5318159056384894AA42DB4F /* libPods-MacDownTests.a in Frameworks */ = {isa = PBXBuildFile; fileRef = AEAF42BBDCEC4012B5092BB3 /* libPods-MacDownTests.a */; };
		B49728377A904875B2963C38 /* libPods-MacDown.a in Frameworks */ = {isa = PBXBuildFile; fileRef = 7C5C1FBBB3ED456285901D31 /* libPods-MacDown.a */; };
/* End PBXBuildFile section */

/* Begin PBXContainerItemProxy section */
		1FA6DE491941CC9E000409FB /* PBXContainerItemProxy */ = {
			isa = PBXContainerItemProxy;
			containerPortal = 1FA6DE191941CC9E000409FB /* Project object */;
			proxyType = 1;
			remoteGlobalIDString = 1FA6DE201941CC9E000409FB;
			remoteInfo = MarkPad;
		};
/* End PBXContainerItemProxy section */

/* Begin PBXFileReference section */
		1F0B60E6194CB7A40008F1BA /* Prism */ = {isa = PBXFileReference; lastKnownFileType = folder; name = Prism; path = Dependency/Prism; sourceTree = "<group>"; };
		1F0D9D5E194AC7CF008E1856 /* NSString+Lookup.h */ = {isa = PBXFileReference; fileEncoding = 4; lastKnownFileType = sourcecode.c.h; path = "NSString+Lookup.h"; sourceTree = "<group>"; };
		1F0D9D5F194AC7CF008E1856 /* NSString+Lookup.m */ = {isa = PBXFileReference; fileEncoding = 4; lastKnownFileType = sourcecode.c.objc; path = "NSString+Lookup.m"; sourceTree = "<group>"; };
		1F0D9D60194AC7CF008E1856 /* NSTextView+Autocomplete.h */ = {isa = PBXFileReference; fileEncoding = 4; lastKnownFileType = sourcecode.c.h; path = "NSTextView+Autocomplete.h"; sourceTree = "<group>"; };
		1F0D9D61194AC7CF008E1856 /* NSTextView+Autocomplete.m */ = {isa = PBXFileReference; fileEncoding = 4; lastKnownFileType = sourcecode.c.objc; path = "NSTextView+Autocomplete.m"; sourceTree = "<group>"; };
		1F0D9D63194AC7CF008E1856 /* MPUtilities.h */ = {isa = PBXFileReference; fileEncoding = 4; lastKnownFileType = sourcecode.c.h; path = MPUtilities.h; sourceTree = "<group>"; };
		1F0D9D64194AC7CF008E1856 /* MPUtilities.m */ = {isa = PBXFileReference; fileEncoding = 4; lastKnownFileType = sourcecode.c.objc; path = MPUtilities.m; sourceTree = "<group>"; };
		1F0D9D69194AC7F7008E1856 /* MPEditorPreferencesViewController.h */ = {isa = PBXFileReference; fileEncoding = 4; lastKnownFileType = sourcecode.c.h; path = MPEditorPreferencesViewController.h; sourceTree = "<group>"; };
		1F0D9D6A194AC7F7008E1856 /* MPEditorPreferencesViewController.m */ = {isa = PBXFileReference; fileEncoding = 4; lastKnownFileType = sourcecode.c.objc; path = MPEditorPreferencesViewController.m; sourceTree = "<group>"; };
		1F0D9D6C194AC7F7008E1856 /* MPHtmlPreferencesViewController.h */ = {isa = PBXFileReference; fileEncoding = 4; lastKnownFileType = sourcecode.c.h; path = MPHtmlPreferencesViewController.h; sourceTree = "<group>"; };
		1F0D9D6D194AC7F7008E1856 /* MPHtmlPreferencesViewController.m */ = {isa = PBXFileReference; fileEncoding = 4; lastKnownFileType = sourcecode.c.objc; path = MPHtmlPreferencesViewController.m; sourceTree = "<group>"; };
		1F0D9D6F194AC7F7008E1856 /* MPMarkdownPreferencesViewController.h */ = {isa = PBXFileReference; fileEncoding = 4; lastKnownFileType = sourcecode.c.h; path = MPMarkdownPreferencesViewController.h; sourceTree = "<group>"; };
		1F0D9D70194AC7F7008E1856 /* MPMarkdownPreferencesViewController.m */ = {isa = PBXFileReference; fileEncoding = 4; lastKnownFileType = sourcecode.c.objc; path = MPMarkdownPreferencesViewController.m; sourceTree = "<group>"; };
		1F0D9D72194AC7F7008E1856 /* MPPreferences.h */ = {isa = PBXFileReference; fileEncoding = 4; lastKnownFileType = sourcecode.c.h; path = MPPreferences.h; sourceTree = "<group>"; };
		1F0D9D73194AC7F7008E1856 /* MPPreferences.m */ = {isa = PBXFileReference; fileEncoding = 4; lastKnownFileType = sourcecode.c.objc; path = MPPreferences.m; sourceTree = "<group>"; };
		1F0D9D74194AC7F7008E1856 /* MPPreferencesViewController.h */ = {isa = PBXFileReference; fileEncoding = 4; lastKnownFileType = sourcecode.c.h; path = MPPreferencesViewController.h; sourceTree = "<group>"; };
		1F0D9D75194AC7F7008E1856 /* MPPreferencesViewController.m */ = {isa = PBXFileReference; fileEncoding = 4; lastKnownFileType = sourcecode.c.objc; path = MPPreferencesViewController.m; sourceTree = "<group>"; };
		1F0D9D82194AC83C008E1856 /* Base */ = {isa = PBXFileReference; lastKnownFileType = file.xib; name = Base; path = Localization/Base.lproj/MainMenu.xib; sourceTree = "<group>"; };
		1F0D9D84194AC83C008E1856 /* Base */ = {isa = PBXFileReference; lastKnownFileType = file.xib; name = Base; path = Localization/Base.lproj/MPDocument.xib; sourceTree = "<group>"; };
		1F0D9D86194AC83C008E1856 /* Base */ = {isa = PBXFileReference; lastKnownFileType = file.xib; name = Base; path = Localization/Base.lproj/MPEditorPreferencesViewController.xib; sourceTree = "<group>"; };
		1F0D9D88194AC83C008E1856 /* Base */ = {isa = PBXFileReference; lastKnownFileType = file.xib; name = Base; path = Localization/Base.lproj/MPHtmlPreferencesViewController.xib; sourceTree = "<group>"; };
		1F0D9D8A194AC83C008E1856 /* Base */ = {isa = PBXFileReference; lastKnownFileType = file.xib; name = Base; path = Localization/Base.lproj/MPMarkdownPreferencesViewController.xib; sourceTree = "<group>"; };
		1F0D9D91194AC852008E1856 /* MPDocument.h */ = {isa = PBXFileReference; fileEncoding = 4; lastKnownFileType = sourcecode.c.h; path = MPDocument.h; sourceTree = "<group>"; };
		1F0D9D92194AC852008E1856 /* MPDocument.m */ = {isa = PBXFileReference; fileEncoding = 4; lastKnownFileType = sourcecode.c.objc; path = MPDocument.m; sourceTree = "<group>"; };
		1F0D9D96194AC888008E1856 /* HGMarkdownHighlighter.h */ = {isa = PBXFileReference; fileEncoding = 4; lastKnownFileType = sourcecode.c.h; path = HGMarkdownHighlighter.h; sourceTree = "<group>"; };
		1F0D9D97194AC888008E1856 /* HGMarkdownHighlighter.m */ = {isa = PBXFileReference; fileEncoding = 4; lastKnownFileType = sourcecode.c.objc; path = HGMarkdownHighlighter.m; sourceTree = "<group>"; };
		1F0D9D98194AC888008E1856 /* HGMarkdownHighlightingStyle.h */ = {isa = PBXFileReference; fileEncoding = 4; lastKnownFileType = sourcecode.c.h; path = HGMarkdownHighlightingStyle.h; sourceTree = "<group>"; };
		1F0D9D99194AC888008E1856 /* HGMarkdownHighlightingStyle.m */ = {isa = PBXFileReference; fileEncoding = 4; lastKnownFileType = sourcecode.c.objc; path = HGMarkdownHighlightingStyle.m; sourceTree = "<group>"; };
		1F0D9D9A194AC888008E1856 /* pmh_definitions.h */ = {isa = PBXFileReference; fileEncoding = 4; lastKnownFileType = sourcecode.c.h; path = pmh_definitions.h; sourceTree = "<group>"; };
		1F0D9D9B194AC888008E1856 /* pmh_parser.c */ = {isa = PBXFileReference; fileEncoding = 4; lastKnownFileType = sourcecode.c.c; path = pmh_parser.c; sourceTree = "<group>"; };
		1F0D9D9C194AC888008E1856 /* pmh_parser.h */ = {isa = PBXFileReference; fileEncoding = 4; lastKnownFileType = sourcecode.c.h; path = pmh_parser.h; sourceTree = "<group>"; };
		1F0D9D9D194AC888008E1856 /* pmh_styleparser.c */ = {isa = PBXFileReference; fileEncoding = 4; lastKnownFileType = sourcecode.c.c; path = pmh_styleparser.c; sourceTree = "<group>"; };
		1F0D9D9E194AC888008E1856 /* pmh_styleparser.h */ = {isa = PBXFileReference; fileEncoding = 4; lastKnownFileType = sourcecode.c.h; path = pmh_styleparser.h; sourceTree = "<group>"; };
		1F0D9DA3194AC8B3008E1856 /* MacDown-Info.plist */ = {isa = PBXFileReference; fileEncoding = 4; lastKnownFileType = text.plist.xml; path = "MacDown-Info.plist"; sourceTree = "<group>"; };
		1F0D9DA7194AC8CB008E1856 /* en */ = {isa = PBXFileReference; lastKnownFileType = text.rtf; name = en; path = Localization/en.lproj/Credits.rtf; sourceTree = "<group>"; };
		1F0D9DA9194AC8CB008E1856 /* en */ = {isa = PBXFileReference; lastKnownFileType = text.plist.strings; name = en; path = Localization/en.lproj/InfoPlist.strings; sourceTree = "<group>"; };
		1F0D9DAC194AC8EF008E1856 /* Images.xcassets */ = {isa = PBXFileReference; lastKnownFileType = folder.assetcatalog; path = Images.xcassets; sourceTree = "<group>"; };
		1F0D9DAE194AC905008E1856 /* main.m */ = {isa = PBXFileReference; fileEncoding = 4; lastKnownFileType = sourcecode.c.objc; name = main.m; path = Code/main.m; sourceTree = "<group>"; };
		1F0D9DB5194ACA33008E1856 /* MacDown-Prefix.pch */ = {isa = PBXFileReference; lastKnownFileType = sourcecode.c.h; name = "MacDown-Prefix.pch"; path = "Code/MacDown-Prefix.pch"; sourceTree = "<group>"; };
		1F4C8E99194AE0B9004BF82E /* MarkdownDocument.icns */ = {isa = PBXFileReference; lastKnownFileType = image.icns; name = MarkdownDocument.icns; path = Resources/MarkdownDocument.icns; sourceTree = "<group>"; };
		1F51C9A1194564670015A96F /* libPods-MacDown-PAPreferences.a */ = {isa = PBXFileReference; lastKnownFileType = archive.ar; name = "libPods-MacDown-PAPreferences.a"; path = "../../../../Library/Developer/Xcode/DerivedData/MacDown-ggdtxvuybojeqbhjydkhilziizrv/Build/Products/Debug/libPods-MacDown-PAPreferences.a"; sourceTree = "<group>"; };
		1F9A14E8194EEE9900D1C6A9 /* MPExportPanelAccessoryViewController.h */ = {isa = PBXFileReference; fileEncoding = 4; lastKnownFileType = sourcecode.c.h; name = MPExportPanelAccessoryViewController.h; path = Code/Application/MPExportPanelAccessoryViewController.h; sourceTree = "<group>"; };
		1F9A14E9194EEE9900D1C6A9 /* MPExportPanelAccessoryViewController.m */ = {isa = PBXFileReference; fileEncoding = 4; lastKnownFileType = sourcecode.c.objc; name = MPExportPanelAccessoryViewController.m; path = Code/Application/MPExportPanelAccessoryViewController.m; sourceTree = "<group>"; };
		1F9A14EA194EEE9900D1C6A9 /* MPMainController.h */ = {isa = PBXFileReference; fileEncoding = 4; lastKnownFileType = sourcecode.c.h; name = MPMainController.h; path = Code/Application/MPMainController.h; sourceTree = "<group>"; };
		1F9A14EB194EEE9900D1C6A9 /* MPMainController.m */ = {isa = PBXFileReference; fileEncoding = 4; lastKnownFileType = sourcecode.c.objc; name = MPMainController.m; path = Code/Application/MPMainController.m; sourceTree = "<group>"; };
		1F9A14EE194EEEDD00D1C6A9 /* Styles */ = {isa = PBXFileReference; lastKnownFileType = folder; name = Styles; path = Resources/Styles; sourceTree = "<group>"; };
		1F9A14F3194EF6A600D1C6A9 /* Themes */ = {isa = PBXFileReference; lastKnownFileType = folder; name = Themes; path = Resources/Themes; sourceTree = "<group>"; };
		1F9A14F5194EFF1F00D1C6A9 /* PreferencesMarkdown.png */ = {isa = PBXFileReference; lastKnownFileType = image.png; name = PreferencesMarkdown.png; path = Resources/PreferencesMarkdown.png; sourceTree = "<group>"; };
		1FA6CDB81952D2CD008D5CA0 /* dsa_pub.pem */ = {isa = PBXFileReference; fileEncoding = 4; lastKnownFileType = text; name = dsa_pub.pem; path = Resources/dsa_pub.pem; sourceTree = "<group>"; };
		1FA6DE211941CC9E000409FB /* MacDown.app */ = {isa = PBXFileReference; explicitFileType = wrapper.application; includeInIndex = 0; path = MacDown.app; sourceTree = BUILT_PRODUCTS_DIR; };
		1FA6DE241941CC9E000409FB /* Cocoa.framework */ = {isa = PBXFileReference; lastKnownFileType = wrapper.framework; name = Cocoa.framework; path = System/Library/Frameworks/Cocoa.framework; sourceTree = SDKROOT; };
		1FA6DE271941CC9E000409FB /* AppKit.framework */ = {isa = PBXFileReference; lastKnownFileType = wrapper.framework; name = AppKit.framework; path = System/Library/Frameworks/AppKit.framework; sourceTree = SDKROOT; };
		1FA6DE281941CC9E000409FB /* CoreData.framework */ = {isa = PBXFileReference; lastKnownFileType = wrapper.framework; name = CoreData.framework; path = System/Library/Frameworks/CoreData.framework; sourceTree = SDKROOT; };
		1FA6DE291941CC9E000409FB /* Foundation.framework */ = {isa = PBXFileReference; lastKnownFileType = wrapper.framework; name = Foundation.framework; path = System/Library/Frameworks/Foundation.framework; sourceTree = SDKROOT; };
		1FA6DE451941CC9E000409FB /* MacDownTests.xctest */ = {isa = PBXFileReference; explicitFileType = wrapper.cfbundle; includeInIndex = 0; path = MacDownTests.xctest; sourceTree = BUILT_PRODUCTS_DIR; };
		1FBBD4BD194C952300BB3C88 /* Base */ = {isa = PBXFileReference; lastKnownFileType = file.xib; name = Base; path = MacDown/Localization/Base.lproj/MPExportPanelAccessoryViewController.xib; sourceTree = SOURCE_ROOT; };
		1FBBD4C9194CA35900BB3C88 /* hoedown_html_patch.h */ = {isa = PBXFileReference; lastKnownFileType = sourcecode.c.h; path = hoedown_html_patch.h; sourceTree = "<group>"; };
		1FBBD4CA194CA36500BB3C88 /* hoedown_html_patch.c */ = {isa = PBXFileReference; fileEncoding = 4; lastKnownFileType = sourcecode.c.c; path = hoedown_html_patch.c; sourceTree = "<group>"; };
		1FC29F5B1944FC2600D616C7 /* XCTest.framework */ = {isa = PBXFileReference; lastKnownFileType = wrapper.framework; name = XCTest.framework; path = Library/Frameworks/XCTest.framework; sourceTree = DEVELOPER_DIR; };
		1FCDCA301944F96E00B1F966 /* MacDownTests-Info.plist */ = {isa = PBXFileReference; fileEncoding = 4; lastKnownFileType = text.plist.xml; path = "MacDownTests-Info.plist"; sourceTree = "<group>"; };
		1FCDCA311944F96E00B1F966 /* MPPreferencesTests.m */ = {isa = PBXFileReference; fileEncoding = 4; lastKnownFileType = sourcecode.c.objc; path = MPPreferencesTests.m; sourceTree = "<group>"; };
		1FCDCA331944F96E00B1F966 /* en */ = {isa = PBXFileReference; lastKnownFileType = text.plist.strings; name = en; path = en.lproj/InfoPlist.strings; sourceTree = "<group>"; };
		1FD7F8DD194A0211007ED2A1 /* Data */ = {isa = PBXFileReference; lastKnownFileType = folder; path = Data; sourceTree = "<group>"; };
		1FF207621941CF22005B5654 /* WebKit.framework */ = {isa = PBXFileReference; lastKnownFileType = wrapper.framework; name = WebKit.framework; path = System/Library/Frameworks/WebKit.framework; sourceTree = SDKROOT; };
		1FFF301C1948A5320009AF24 /* MPStringLookupTests.m */ = {isa = PBXFileReference; fileEncoding = 4; lastKnownFileType = sourcecode.c.objc; path = MPStringLookupTests.m; sourceTree = "<group>"; };
		7C5C1FBBB3ED456285901D31 /* libPods-MacDown.a */ = {isa = PBXFileReference; explicitFileType = archive.ar; includeInIndex = 0; path = "libPods-MacDown.a"; sourceTree = BUILT_PRODUCTS_DIR; };
		7F8797E748AA4BCA96DFA790 /* Pods-MacDown.xcconfig */ = {isa = PBXFileReference; includeInIndex = 1; lastKnownFileType = text.xcconfig; name = "Pods-MacDown.xcconfig"; path = "Pods/Pods-MacDown.xcconfig"; sourceTree = "<group>"; };
		AB3B8954FAB54E3C803DDAEE /* Pods-MacDownTests.xcconfig */ = {isa = PBXFileReference; includeInIndex = 1; lastKnownFileType = text.xcconfig; name = "Pods-MacDownTests.xcconfig"; path = "Pods/Pods-MacDownTests.xcconfig"; sourceTree = "<group>"; };
		AEAF42BBDCEC4012B5092BB3 /* libPods-MacDownTests.a */ = {isa = PBXFileReference; explicitFileType = archive.ar; includeInIndex = 0; path = "libPods-MacDownTests.a"; sourceTree = BUILT_PRODUCTS_DIR; };
/* End PBXFileReference section */

/* Begin PBXFrameworksBuildPhase section */
		1FA6DE1E1941CC9E000409FB /* Frameworks */ = {
			isa = PBXFrameworksBuildPhase;
			buildActionMask = 2147483647;
			files = (
				1FF207631941CF22005B5654 /* WebKit.framework in Frameworks */,
				1FA6DE251941CC9E000409FB /* Cocoa.framework in Frameworks */,
				B49728377A904875B2963C38 /* libPods-MacDown.a in Frameworks */,
			);
			runOnlyForDeploymentPostprocessing = 0;
		};
		1FA6DE421941CC9E000409FB /* Frameworks */ = {
			isa = PBXFrameworksBuildPhase;
			buildActionMask = 2147483647;
			files = (
				1FA6DE481941CC9E000409FB /* Cocoa.framework in Frameworks */,
				1FC29F5C1944FC2600D616C7 /* XCTest.framework in Frameworks */,
				5318159056384894AA42DB4F /* libPods-MacDownTests.a in Frameworks */,
			);
			runOnlyForDeploymentPostprocessing = 0;
		};
/* End PBXFrameworksBuildPhase section */

/* Begin PBXGroup section */
		1F0D9D5D194AC7CF008E1856 /* Extension */ = {
			isa = PBXGroup;
			children = (
				1F0D9D5E194AC7CF008E1856 /* NSString+Lookup.h */,
				1F0D9D5F194AC7CF008E1856 /* NSString+Lookup.m */,
				1F0D9D60194AC7CF008E1856 /* NSTextView+Autocomplete.h */,
				1F0D9D61194AC7CF008E1856 /* NSTextView+Autocomplete.m */,
				1FBBD4C9194CA35900BB3C88 /* hoedown_html_patch.h */,
				1FBBD4CA194CA36500BB3C88 /* hoedown_html_patch.c */,
			);
			name = Extension;
			path = Code/Extension;
			sourceTree = "<group>";
		};
		1F0D9D62194AC7CF008E1856 /* Utility */ = {
			isa = PBXGroup;
			children = (
				1F0D9D63194AC7CF008E1856 /* MPUtilities.h */,
				1F0D9D64194AC7CF008E1856 /* MPUtilities.m */,
			);
			name = Utility;
			path = Code/Utility;
			sourceTree = "<group>";
		};
		1F0D9D68194AC7F7008E1856 /* Preferences */ = {
			isa = PBXGroup;
			children = (
				1F0D9D74194AC7F7008E1856 /* MPPreferencesViewController.h */,
				1F0D9D75194AC7F7008E1856 /* MPPreferencesViewController.m */,
				1F0D9D69194AC7F7008E1856 /* MPEditorPreferencesViewController.h */,
				1F0D9D6A194AC7F7008E1856 /* MPEditorPreferencesViewController.m */,
				1F0D9D85194AC83C008E1856 /* MPEditorPreferencesViewController.xib */,
				1F0D9D6C194AC7F7008E1856 /* MPHtmlPreferencesViewController.h */,
				1F0D9D6D194AC7F7008E1856 /* MPHtmlPreferencesViewController.m */,
				1F0D9D87194AC83C008E1856 /* MPHtmlPreferencesViewController.xib */,
				1F0D9D6F194AC7F7008E1856 /* MPMarkdownPreferencesViewController.h */,
				1F0D9D70194AC7F7008E1856 /* MPMarkdownPreferencesViewController.m */,
				1F0D9D89194AC83C008E1856 /* MPMarkdownPreferencesViewController.xib */,
				1F0D9D72194AC7F7008E1856 /* MPPreferences.h */,
				1F0D9D73194AC7F7008E1856 /* MPPreferences.m */,
			);
			name = Preferences;
			path = Code/Preferences;
			sourceTree = "<group>";
		};
		1F0D9D90194AC852008E1856 /* Document */ = {
			isa = PBXGroup;
			children = (
				1F0D9D91194AC852008E1856 /* MPDocument.h */,
				1F0D9D92194AC852008E1856 /* MPDocument.m */,
				1F0D9D83194AC83C008E1856 /* MPDocument.xib */,
			);
			name = Document;
			path = Code/Document;
			sourceTree = "<group>";
		};
		1F0D9D94194AC888008E1856 /* Dependency */ = {
			isa = PBXGroup;
			children = (
				1F0D9D95194AC888008E1856 /* PEGMarkdownHighlight */,
			);
			path = Dependency;
			sourceTree = "<group>";
		};
		1F0D9D95194AC888008E1856 /* PEGMarkdownHighlight */ = {
			isa = PBXGroup;
			children = (
				1F0D9D96194AC888008E1856 /* HGMarkdownHighlighter.h */,
				1F0D9D97194AC888008E1856 /* HGMarkdownHighlighter.m */,
				1F0D9D98194AC888008E1856 /* HGMarkdownHighlightingStyle.h */,
				1F0D9D99194AC888008E1856 /* HGMarkdownHighlightingStyle.m */,
				1F0D9D9A194AC888008E1856 /* pmh_definitions.h */,
				1F0D9D9B194AC888008E1856 /* pmh_parser.c */,
				1F0D9D9C194AC888008E1856 /* pmh_parser.h */,
				1F0D9D9D194AC888008E1856 /* pmh_styleparser.c */,
				1F0D9D9E194AC888008E1856 /* pmh_styleparser.h */,
			);
			path = PEGMarkdownHighlight;
			sourceTree = "<group>";
		};
		1F4C8E9B194AE0C3004BF82E /* Resources */ = {
			isa = PBXGroup;
			children = (
				1FD7F8DD194A0211007ED2A1 /* Data */,
				1F9A14EE194EEEDD00D1C6A9 /* Styles */,
				1F9A14F3194EF6A600D1C6A9 /* Themes */,
				1F0B60E6194CB7A40008F1BA /* Prism */,
				1F4C8E99194AE0B9004BF82E /* MarkdownDocument.icns */,
				1F9A14F5194EFF1F00D1C6A9 /* PreferencesMarkdown.png */,
				1F0D9DA6194AC8CB008E1856 /* Credits.rtf */,
				1FA6CDB81952D2CD008D5CA0 /* dsa_pub.pem */,
			);
			name = Resources;
			sourceTree = "<group>";
		};
		1F4C8E9C194AE0CE004BF82E /* Additional Sources */ = {
			isa = PBXGroup;
			children = (
				1F0D9DAE194AC905008E1856 /* main.m */,
				1F0D9DB5194ACA33008E1856 /* MacDown-Prefix.pch */,
			);
			name = "Additional Sources";
			sourceTree = "<group>";
		};
		1F9A14E7194EE24600D1C6A9 /* Application */ = {
			isa = PBXGroup;
			children = (
				1F0D9D81194AC83C008E1856 /* MainMenu.xib */,
				1F9A14EA194EEE9900D1C6A9 /* MPMainController.h */,
				1F9A14EB194EEE9900D1C6A9 /* MPMainController.m */,
				1F9A14E8194EEE9900D1C6A9 /* MPExportPanelAccessoryViewController.h */,
				1F9A14E9194EEE9900D1C6A9 /* MPExportPanelAccessoryViewController.m */,
				1FBBD4BC194C952300BB3C88 /* MPExportPanelAccessoryViewController.xib */,
			);
			name = Application;
			sourceTree = "<group>";
		};
		1FA6DE181941CC9E000409FB = {
			isa = PBXGroup;
			children = (
				1FCDC9EB1944F89B00B1F966 /* MacDown */,
				1FCDCA2F1944F96E00B1F966 /* MacDownTests */,
				1FA6DE231941CC9E000409FB /* Frameworks */,
				1FA6DE221941CC9E000409FB /* Products */,
				7F8797E748AA4BCA96DFA790 /* Pods-MacDown.xcconfig */,
				AB3B8954FAB54E3C803DDAEE /* Pods-MacDownTests.xcconfig */,
			);
			sourceTree = "<group>";
		};
		1FA6DE221941CC9E000409FB /* Products */ = {
			isa = PBXGroup;
			children = (
				1FA6DE211941CC9E000409FB /* MacDown.app */,
				1FA6DE451941CC9E000409FB /* MacDownTests.xctest */,
			);
			name = Products;
			sourceTree = "<group>";
		};
		1FA6DE231941CC9E000409FB /* Frameworks */ = {
			isa = PBXGroup;
			children = (
				1F51C9A1194564670015A96F /* libPods-MacDown-PAPreferences.a */,
				1FC29F5B1944FC2600D616C7 /* XCTest.framework */,
				1FF207621941CF22005B5654 /* WebKit.framework */,
				1FA6DE241941CC9E000409FB /* Cocoa.framework */,
				1FA6DE261941CC9E000409FB /* Other Frameworks */,
				7C5C1FBBB3ED456285901D31 /* libPods-MacDown.a */,
				AEAF42BBDCEC4012B5092BB3 /* libPods-MacDownTests.a */,
			);
			name = Frameworks;
			sourceTree = "<group>";
		};
		1FA6DE261941CC9E000409FB /* Other Frameworks */ = {
			isa = PBXGroup;
			children = (
				1FA6DE271941CC9E000409FB /* AppKit.framework */,
				1FA6DE281941CC9E000409FB /* CoreData.framework */,
				1FA6DE291941CC9E000409FB /* Foundation.framework */,
			);
			name = "Other Frameworks";
			sourceTree = "<group>";
		};
		1FCDC9EB1944F89B00B1F966 /* MacDown */ = {
			isa = PBXGroup;
			children = (
				1F0D9D94194AC888008E1856 /* Dependency */,
				1F0D9D62194AC7CF008E1856 /* Utility */,
				1F0D9D5D194AC7CF008E1856 /* Extension */,
				1F9A14E7194EE24600D1C6A9 /* Application */,
				1F0D9D68194AC7F7008E1856 /* Preferences */,
				1F0D9D90194AC852008E1856 /* Document */,
				1FCDCA2D1944F8F600B1F966 /* Supporting Files */,
			);
			path = MacDown;
			sourceTree = "<group>";
		};
		1FCDCA2D1944F8F600B1F966 /* Supporting Files */ = {
			isa = PBXGroup;
			children = (
				1F4C8E9C194AE0CE004BF82E /* Additional Sources */,
				1F4C8E9B194AE0C3004BF82E /* Resources */,
				1F0D9DA3194AC8B3008E1856 /* MacDown-Info.plist */,
				1F0D9DA8194AC8CB008E1856 /* InfoPlist.strings */,
				1F0D9DAC194AC8EF008E1856 /* Images.xcassets */,
			);
			name = "Supporting Files";
			sourceTree = "<group>";
		};
		1FCDCA2F1944F96E00B1F966 /* MacDownTests */ = {
			isa = PBXGroup;
			children = (
				1FCDCA311944F96E00B1F966 /* MPPreferencesTests.m */,
				1FFF301C1948A5320009AF24 /* MPStringLookupTests.m */,
				1FCDCA371944F97800B1F966 /* Supporting Files */,
			);
			path = MacDownTests;
			sourceTree = "<group>";
		};
		1FCDCA371944F97800B1F966 /* Supporting Files */ = {
			isa = PBXGroup;
			children = (
				1FCDCA301944F96E00B1F966 /* MacDownTests-Info.plist */,
				1FCDCA321944F96E00B1F966 /* InfoPlist.strings */,
			);
			name = "Supporting Files";
			sourceTree = "<group>";
		};
/* End PBXGroup section */

/* Begin PBXNativeTarget section */
		1FA6DE201941CC9E000409FB /* MacDown */ = {
			isa = PBXNativeTarget;
			buildConfigurationList = 1FA6DE551941CC9E000409FB /* Build configuration list for PBXNativeTarget "MacDown" */;
			buildPhases = (
				A4C68C7905CF45C89A0CC47D /* Check Pods Manifest.lock */,
				1FA6DE1D1941CC9E000409FB /* Sources */,
				1FA6DE1E1941CC9E000409FB /* Frameworks */,
				1FA6DE1F1941CC9E000409FB /* Resources */,
				46C28C219A3C4CCD94797747 /* Copy Pods Resources */,
				1F8A82A81952F19B00B6BF69 /* ShellScript */,
			);
			buildRules = (
			);
			dependencies = (
			);
			name = MacDown;
			productName = MarkPad;
			productReference = 1FA6DE211941CC9E000409FB /* MacDown.app */;
			productType = "com.apple.product-type.application";
		};
		1FA6DE441941CC9E000409FB /* MacDownTests */ = {
			isa = PBXNativeTarget;
			buildConfigurationList = 1FA6DE581941CC9E000409FB /* Build configuration list for PBXNativeTarget "MacDownTests" */;
			buildPhases = (
				694A3D57598E431C90D512B9 /* Check Pods Manifest.lock */,
				1FA6DE411941CC9E000409FB /* Sources */,
				1FA6DE421941CC9E000409FB /* Frameworks */,
				1FA6DE431941CC9E000409FB /* Resources */,
				72CBA169CC684D3CB9F83627 /* Copy Pods Resources */,
			);
			buildRules = (
			);
			dependencies = (
				1FA6DE4A1941CC9E000409FB /* PBXTargetDependency */,
			);
			name = MacDownTests;
			productName = MarkPadTests;
			productReference = 1FA6DE451941CC9E000409FB /* MacDownTests.xctest */;
			productType = "com.apple.product-type.bundle.unit-test";
		};
/* End PBXNativeTarget section */

/* Begin PBXProject section */
		1FA6DE191941CC9E000409FB /* Project object */ = {
			isa = PBXProject;
			attributes = {
				CLASSPREFIX = MP;
				LastUpgradeCheck = 0510;
				ORGANIZATIONNAME = "Tzu-ping Chung ";
				TargetAttributes = {
					1FA6DE441941CC9E000409FB = {
						TestTargetID = 1FA6DE201941CC9E000409FB;
					};
				};
			};
			buildConfigurationList = 1FA6DE1C1941CC9E000409FB /* Build configuration list for PBXProject "MacDown" */;
			compatibilityVersion = "Xcode 3.2";
			developmentRegion = English;
			hasScannedForEncodings = 0;
			knownRegions = (
				en,
				Base,
			);
			mainGroup = 1FA6DE181941CC9E000409FB;
			productRefGroup = 1FA6DE221941CC9E000409FB /* Products */;
			projectDirPath = "";
			projectRoot = "";
			targets = (
				1FA6DE201941CC9E000409FB /* MacDown */,
				1FA6DE441941CC9E000409FB /* MacDownTests */,
			);
		};
/* End PBXProject section */

/* Begin PBXResourcesBuildPhase section */
		1FA6DE1F1941CC9E000409FB /* Resources */ = {
			isa = PBXResourcesBuildPhase;
			buildActionMask = 2147483647;
			files = (
				1F9A14EF194EEEDD00D1C6A9 /* Styles in Resources */,
				1F0D9DB0194AC9EE008E1856 /* MPDocument.xib in Resources */,
				1F0B60E7194CB7A50008F1BA /* Prism in Resources */,
				1F0D9DB1194AC9EE008E1856 /* MPEditorPreferencesViewController.xib in Resources */,
				1F9A14F4194EF6A600D1C6A9 /* Themes in Resources */,
				1F0D9DB2194AC9EE008E1856 /* MPHtmlPreferencesViewController.xib in Resources */,
				1F0D9DB3194AC9EE008E1856 /* MPMarkdownPreferencesViewController.xib in Resources */,
				1F0D9DB4194AC9EE008E1856 /* MainMenu.xib in Resources */,
				1FBBD4BE194C952300BB3C88 /* MPExportPanelAccessoryViewController.xib in Resources */,
				1FA6CDB91952D2CD008D5CA0 /* dsa_pub.pem in Resources */,
				1F0D9DAD194AC8EF008E1856 /* Images.xcassets in Resources */,
				1F0D9DAA194AC8CB008E1856 /* Credits.rtf in Resources */,
				1FD7F8DE194A0211007ED2A1 /* Data in Resources */,
				1F9A14F6194EFF1F00D1C6A9 /* PreferencesMarkdown.png in Resources */,
				1F4C8E9A194AE0B9004BF82E /* MarkdownDocument.icns in Resources */,
				1F0D9DAB194AC8CB008E1856 /* InfoPlist.strings in Resources */,
			);
			runOnlyForDeploymentPostprocessing = 0;
		};
		1FA6DE431941CC9E000409FB /* Resources */ = {
			isa = PBXResourcesBuildPhase;
			buildActionMask = 2147483647;
			files = (
				1FC29F5E1944FC4F00D616C7 /* InfoPlist.strings in Resources */,
			);
			runOnlyForDeploymentPostprocessing = 0;
		};
/* End PBXResourcesBuildPhase section */

/* Begin PBXShellScriptBuildPhase section */
		1F8A82A81952F19B00B6BF69 /* ShellScript */ = {
			isa = PBXShellScriptBuildPhase;
			buildActionMask = 2147483647;
			files = (
			);
			inputPaths = (
			);
			outputPaths = (
			);
			runOnlyForDeploymentPostprocessing = 0;
			shellPath = /bin/bash;
			shellScript = "#!/bin/bash\n\n# Source: https://gist.github.com/karlvr/c93a98d7000ecb163895\n\n# This script automatically sets the version and short version string of\n# an Xcode project from the Git repository containing the project.\n#\n# To use this script in Xcode, add the script's path to a \"Run Script\" build\n# phase for your application target.\n\nset -o errexit\nset -o nounset\n\n# First, check for git in $PATH\nhash git 2>/dev/null || { echo >&2 \"Git required, not installed.  Aborting build number update script.\"; exit 0; }\n\n# Alternatively, we could use Xcode's copy of the Git binary,\n# but old Xcodes don't have this.\n#GIT=$(xcrun -find git)\n\n# Run Script build phases that operate on product files of the target that defines them should use the value of this build setting [TARGET_BUILD_DIR]. But Run Script build phases that operate on product files of other targets should use “BUILT_PRODUCTS_DIR” instead.\nINFO_PLIST=\"${TARGET_BUILD_DIR}/${INFOPLIST_PATH}\"\n\n# Build version (closest-tag-or-branch \"-\" commits-since-tag \"-\" short-hash dirty-flag)\nBUILD_VERSION=$(git describe --tags --always --dirty=+)\n\n# Use the latest tag for short version (expected tag format \"vn[.n[.n]]\")\n# or if there are no tags, we make up version 0.0.<commit count>\nLATEST_TAG=$(git describe --tags --match 'v*' --abbrev=0 2>/dev/null) || LATEST_TAG=\"HEAD\"\nif [ $LATEST_TAG = \"HEAD\" ]\nthen COMMIT_COUNT=$(git rev-list --count HEAD)\nLATEST_TAG=\"0.0.$COMMIT_COUNT\"\nCOMMIT_COUNT_SINCE_TAG=0\nelse\nCOMMIT_COUNT_SINCE_TAG=$(git rev-list --count ${LATEST_TAG}..)\nLATEST_TAG=${LATEST_TAG##v} # Remove the \"v\" from the front of the tag\n    fi\n    if [ $COMMIT_COUNT_SINCE_TAG = 0 ]; then\n    SHORT_VERSION=\"$LATEST_TAG\"\n    else\n    # increment final digit of tag and append \"d\" + commit-count-since-tag\n    # e.g. commit after 1.0 is 1.1d1, commit after 1.0.0 is 1.0.1d1\n    # this is the bit that requires /bin/bash\n    OLD_IFS=$IFS\n    IFS=\".\"\n    VERSION_PARTS=($LATEST_TAG)\n    LAST_PART=$((${#VERSION_PARTS[@]}-1))\n        VERSION_PARTS[$LAST_PART]=$((${VERSION_PARTS[${LAST_PART}]}+1))\n        SHORT_VERSION=\"${VERSION_PARTS[*]}d${COMMIT_COUNT_SINCE_TAG}\"\n        IFS=$OLD_IFS\n        fi\n\n        # Bundle version (commits-on-master[-until-branch \".\" commits-on-branch])\n        # Assumes that two release branches will not diverge from the same commit on master.\n        if [ $(git rev-parse --abbrev-ref HEAD) = \"master\" ]; then\n        MASTER_COMMIT_COUNT=$(git rev-list --count HEAD)\n        BRANCH_COMMIT_COUNT=0\n        BUNDLE_VERSION=\"$MASTER_COMMIT_COUNT\"\n        else\n        MASTER_COMMIT_COUNT=$(git rev-list --count $(git rev-list master.. | tail -n 1)^)\n        BRANCH_COMMIT_COUNT=$(git rev-list --count master..)\n        if [ $BRANCH_COMMIT_COUNT = 0 ]\n        then BUNDLE_VERSION=\"$MASTER_COMMIT_COUNT\"\n        else BUNDLE_VERSION=\"${MASTER_COMMIT_COUNT}.${BRANCH_COMMIT_COUNT}\"\n        fi\n        fi\n\n        # For debugging:\n        echo \"BUILD VERSION: $BUILD_VERSION\"\n        echo \"LATEST_TAG: $LATEST_TAG\"\n        echo \"COMMIT_COUNT_SINCE_TAG: $COMMIT_COUNT_SINCE_TAG\"\n        echo \"SHORT VERSION: $SHORT_VERSION\"\n        echo \"MASTER_COMMIT_COUNT: $MASTER_COMMIT_COUNT\"\n        echo \"BRANCH_COMMIT_COUNT: $BRANCH_COMMIT_COUNT\"\n        echo \"BUNDLE_VERSION: $BUNDLE_VERSION\"\n\n        /usr/libexec/PlistBuddy -c \"Add :CFBundleBuildVersion string $BUILD_VERSION\" \"$INFO_PLIST\" 2>/dev/null || /usr/libexec/PlistBuddy -c \"Set :CFBundleBuildVersion $BUILD_VERSION\" \"$INFO_PLIST\"\n        /usr/libexec/PlistBuddy -c \"Set :CFBundleShortVersionString $SHORT_VERSION\" \"$INFO_PLIST\"\n        /usr/libexec/PlistBuddy -c \"Set :CFBundleVersion $BUNDLE_VERSION\" \"$INFO_PLIST\"";
		};
		46C28C219A3C4CCD94797747 /* Copy Pods Resources */ = {
			isa = PBXShellScriptBuildPhase;
			buildActionMask = 2147483647;
			files = (
			);
			inputPaths = (
			);
			name = "Copy Pods Resources";
			outputPaths = (
			);
			runOnlyForDeploymentPostprocessing = 0;
			shellPath = /bin/sh;
			shellScript = "\"${SRCROOT}/Pods/Pods-MacDown-resources.sh\"\n";
			showEnvVarsInLog = 0;
		};
		694A3D57598E431C90D512B9 /* Check Pods Manifest.lock */ = {
			isa = PBXShellScriptBuildPhase;
			buildActionMask = 2147483647;
			files = (
			);
			inputPaths = (
			);
			name = "Check Pods Manifest.lock";
			outputPaths = (
			);
			runOnlyForDeploymentPostprocessing = 0;
			shellPath = /bin/sh;
			shellScript = "diff \"${PODS_ROOT}/../Podfile.lock\" \"${PODS_ROOT}/Manifest.lock\" > /dev/null\nif [[ $? != 0 ]] ; then\n    cat << EOM\nerror: The sandbox is not in sync with the Podfile.lock. Run 'pod install' or update your CocoaPods installation.\nEOM\n    exit 1\nfi\n";
			showEnvVarsInLog = 0;
		};
		72CBA169CC684D3CB9F83627 /* Copy Pods Resources */ = {
			isa = PBXShellScriptBuildPhase;
			buildActionMask = 2147483647;
			files = (
			);
			inputPaths = (
			);
			name = "Copy Pods Resources";
			outputPaths = (
			);
			runOnlyForDeploymentPostprocessing = 0;
			shellPath = /bin/sh;
			shellScript = "\"${SRCROOT}/Pods/Pods-MacDownTests-resources.sh\"\n";
			showEnvVarsInLog = 0;
		};
		A4C68C7905CF45C89A0CC47D /* Check Pods Manifest.lock */ = {
			isa = PBXShellScriptBuildPhase;
			buildActionMask = 2147483647;
			files = (
			);
			inputPaths = (
			);
			name = "Check Pods Manifest.lock";
			outputPaths = (
			);
			runOnlyForDeploymentPostprocessing = 0;
			shellPath = /bin/sh;
			shellScript = "diff \"${PODS_ROOT}/../Podfile.lock\" \"${PODS_ROOT}/Manifest.lock\" > /dev/null\nif [[ $? != 0 ]] ; then\n    cat << EOM\nerror: The sandbox is not in sync with the Podfile.lock. Run 'pod install' or update your CocoaPods installation.\nEOM\n    exit 1\nfi\n";
			showEnvVarsInLog = 0;
		};
/* End PBXShellScriptBuildPhase section */

/* Begin PBXSourcesBuildPhase section */
		1FA6DE1D1941CC9E000409FB /* Sources */ = {
			isa = PBXSourcesBuildPhase;
			buildActionMask = 2147483647;
			files = (
				1F0D9D7A194AC7F7008E1856 /* MPMarkdownPreferencesViewController.m in Sources */,
				1F0D9DA1194AC888008E1856 /* pmh_parser.c in Sources */,
				1F0D9D7D194AC7F7008E1856 /* MPPreferencesViewController.m in Sources */,
				1F0D9DA2194AC888008E1856 /* pmh_styleparser.c in Sources */,
				1F0D9D65194AC7CF008E1856 /* NSString+Lookup.m in Sources */,
				1F0D9D67194AC7CF008E1856 /* MPUtilities.m in Sources */,
				1F0D9D78194AC7F7008E1856 /* MPHtmlPreferencesViewController.m in Sources */,
				1F0D9D7C194AC7F7008E1856 /* MPPreferences.m in Sources */,
				1F0D9DA0194AC888008E1856 /* HGMarkdownHighlightingStyle.m in Sources */,
				1F0D9DAF194AC905008E1856 /* main.m in Sources */,
				1F0D9D66194AC7CF008E1856 /* NSTextView+Autocomplete.m in Sources */,
				1F9A14EC194EEE9900D1C6A9 /* MPExportPanelAccessoryViewController.m in Sources */,
				1F9A14ED194EEE9900D1C6A9 /* MPMainController.m in Sources */,
				1FBBD4CB194CA36500BB3C88 /* hoedown_html_patch.c in Sources */,
				1F0D9D93194AC852008E1856 /* MPDocument.m in Sources */,
				1F0D9D76194AC7F7008E1856 /* MPEditorPreferencesViewController.m in Sources */,
				1F0D9D9F194AC888008E1856 /* HGMarkdownHighlighter.m in Sources */,
			);
			runOnlyForDeploymentPostprocessing = 0;
		};
		1FA6DE411941CC9E000409FB /* Sources */ = {
			isa = PBXSourcesBuildPhase;
			buildActionMask = 2147483647;
			files = (
				1F51C9A5194565050015A96F /* MPPreferencesTests.m in Sources */,
				1FFF301D1948A5320009AF24 /* MPStringLookupTests.m in Sources */,
			);
			runOnlyForDeploymentPostprocessing = 0;
		};
/* End PBXSourcesBuildPhase section */

/* Begin PBXTargetDependency section */
		1FA6DE4A1941CC9E000409FB /* PBXTargetDependency */ = {
			isa = PBXTargetDependency;
			target = 1FA6DE201941CC9E000409FB /* MacDown */;
			targetProxy = 1FA6DE491941CC9E000409FB /* PBXContainerItemProxy */;
		};
/* End PBXTargetDependency section */

/* Begin PBXVariantGroup section */
		1F0D9D81194AC83C008E1856 /* MainMenu.xib */ = {
			isa = PBXVariantGroup;
			children = (
				1F0D9D82194AC83C008E1856 /* Base */,
			);
			name = MainMenu.xib;
			sourceTree = "<group>";
		};
		1F0D9D83194AC83C008E1856 /* MPDocument.xib */ = {
			isa = PBXVariantGroup;
			children = (
				1F0D9D84194AC83C008E1856 /* Base */,
			);
			name = MPDocument.xib;
			path = ../..;
			sourceTree = "<group>";
		};
		1F0D9D85194AC83C008E1856 /* MPEditorPreferencesViewController.xib */ = {
			isa = PBXVariantGroup;
			children = (
				1F0D9D86194AC83C008E1856 /* Base */,
			);
			name = MPEditorPreferencesViewController.xib;
			path = ../..;
			sourceTree = "<group>";
		};
		1F0D9D87194AC83C008E1856 /* MPHtmlPreferencesViewController.xib */ = {
			isa = PBXVariantGroup;
			children = (
				1F0D9D88194AC83C008E1856 /* Base */,
			);
			name = MPHtmlPreferencesViewController.xib;
			path = ../..;
			sourceTree = "<group>";
		};
		1F0D9D89194AC83C008E1856 /* MPMarkdownPreferencesViewController.xib */ = {
			isa = PBXVariantGroup;
			children = (
				1F0D9D8A194AC83C008E1856 /* Base */,
			);
			name = MPMarkdownPreferencesViewController.xib;
			path = ../..;
			sourceTree = "<group>";
		};
		1F0D9DA6194AC8CB008E1856 /* Credits.rtf */ = {
			isa = PBXVariantGroup;
			children = (
				1F0D9DA7194AC8CB008E1856 /* en */,
			);
			name = Credits.rtf;
			sourceTree = "<group>";
		};
		1F0D9DA8194AC8CB008E1856 /* InfoPlist.strings */ = {
			isa = PBXVariantGroup;
			children = (
				1F0D9DA9194AC8CB008E1856 /* en */,
			);
			name = InfoPlist.strings;
			sourceTree = "<group>";
		};
		1FBBD4BC194C952300BB3C88 /* MPExportPanelAccessoryViewController.xib */ = {
			isa = PBXVariantGroup;
			children = (
				1FBBD4BD194C952300BB3C88 /* Base */,
			);
			name = MPExportPanelAccessoryViewController.xib;
			path = Code/Document;
			sourceTree = "<group>";
		};
		1FCDCA321944F96E00B1F966 /* InfoPlist.strings */ = {
			isa = PBXVariantGroup;
			children = (
				1FCDCA331944F96E00B1F966 /* en */,
			);
			name = InfoPlist.strings;
			sourceTree = "<group>";
		};
/* End PBXVariantGroup section */

/* Begin XCBuildConfiguration section */
		1FA6DE531941CC9E000409FB /* Debug */ = {
			isa = XCBuildConfiguration;
			buildSettings = {
				ALWAYS_SEARCH_USER_PATHS = NO;
				CLANG_CXX_LANGUAGE_STANDARD = "gnu++0x";
				CLANG_CXX_LIBRARY = "libc++";
				CLANG_ENABLE_MODULES = YES;
				CLANG_ENABLE_OBJC_ARC = YES;
				CLANG_WARN_BOOL_CONVERSION = YES;
				CLANG_WARN_CONSTANT_CONVERSION = YES;
				CLANG_WARN_DIRECT_OBJC_ISA_USAGE = YES_ERROR;
				CLANG_WARN_EMPTY_BODY = YES;
				CLANG_WARN_ENUM_CONVERSION = YES;
				CLANG_WARN_INT_CONVERSION = YES;
				CLANG_WARN_OBJC_ROOT_CLASS = YES_ERROR;
				CLANG_WARN__DUPLICATE_METHOD_MATCH = YES;
				COPY_PHASE_STRIP = NO;
				GCC_C_LANGUAGE_STANDARD = gnu99;
				GCC_DYNAMIC_NO_PIC = NO;
				GCC_ENABLE_OBJC_EXCEPTIONS = YES;
				GCC_OPTIMIZATION_LEVEL = 0;
				GCC_PREPROCESSOR_DEFINITIONS = (
					"DEBUG=1",
					"$(inherited)",
				);
				GCC_SYMBOLS_PRIVATE_EXTERN = NO;
				GCC_WARN_64_TO_32_BIT_CONVERSION = YES;
				GCC_WARN_ABOUT_RETURN_TYPE = YES_ERROR;
				GCC_WARN_UNDECLARED_SELECTOR = YES;
				GCC_WARN_UNINITIALIZED_AUTOS = YES_AGGRESSIVE;
				GCC_WARN_UNUSED_FUNCTION = YES;
				GCC_WARN_UNUSED_VARIABLE = YES;
				MACOSX_DEPLOYMENT_TARGET = 10.9;
				ONLY_ACTIVE_ARCH = YES;
				SDKROOT = macosx;
			};
			name = Debug;
		};
		1FA6DE541941CC9E000409FB /* Release */ = {
			isa = XCBuildConfiguration;
			buildSettings = {
				ALWAYS_SEARCH_USER_PATHS = NO;
				CLANG_CXX_LANGUAGE_STANDARD = "gnu++0x";
				CLANG_CXX_LIBRARY = "libc++";
				CLANG_ENABLE_MODULES = YES;
				CLANG_ENABLE_OBJC_ARC = YES;
				CLANG_WARN_BOOL_CONVERSION = YES;
				CLANG_WARN_CONSTANT_CONVERSION = YES;
				CLANG_WARN_DIRECT_OBJC_ISA_USAGE = YES_ERROR;
				CLANG_WARN_EMPTY_BODY = YES;
				CLANG_WARN_ENUM_CONVERSION = YES;
				CLANG_WARN_INT_CONVERSION = YES;
				CLANG_WARN_OBJC_ROOT_CLASS = YES_ERROR;
				CLANG_WARN__DUPLICATE_METHOD_MATCH = YES;
				COPY_PHASE_STRIP = YES;
				DEBUG_INFORMATION_FORMAT = "dwarf-with-dsym";
				ENABLE_NS_ASSERTIONS = NO;
				GCC_C_LANGUAGE_STANDARD = gnu99;
				GCC_ENABLE_OBJC_EXCEPTIONS = YES;
				GCC_WARN_64_TO_32_BIT_CONVERSION = YES;
				GCC_WARN_ABOUT_RETURN_TYPE = YES_ERROR;
				GCC_WARN_UNDECLARED_SELECTOR = YES;
				GCC_WARN_UNINITIALIZED_AUTOS = YES_AGGRESSIVE;
				GCC_WARN_UNUSED_FUNCTION = YES;
				GCC_WARN_UNUSED_VARIABLE = YES;
				MACOSX_DEPLOYMENT_TARGET = 10.9;
				SDKROOT = macosx;
			};
			name = Release;
		};
		1FA6DE561941CC9E000409FB /* Debug */ = {
			isa = XCBuildConfiguration;
			baseConfigurationReference = 7F8797E748AA4BCA96DFA790 /* Pods-MacDown.xcconfig */;
			buildSettings = {
				ASSETCATALOG_COMPILER_APPICON_NAME = AppIcon;
				COMBINE_HIDPI_IMAGES = YES;
				GCC_PRECOMPILE_PREFIX_HEADER = YES;
				GCC_PREFIX_HEADER = "MacDown/Code/MacDown-Prefix.pch";
				INFOPLIST_FILE = "MacDown/MacDown-Info.plist";
				PRODUCT_NAME = MacDown;
				WRAPPER_EXTENSION = app;
			};
			name = Debug;
		};
		1FA6DE571941CC9E000409FB /* Release */ = {
			isa = XCBuildConfiguration;
			baseConfigurationReference = 7F8797E748AA4BCA96DFA790 /* Pods-MacDown.xcconfig */;
			buildSettings = {
				ASSETCATALOG_COMPILER_APPICON_NAME = AppIcon;
				COMBINE_HIDPI_IMAGES = YES;
				GCC_PRECOMPILE_PREFIX_HEADER = YES;
				GCC_PREFIX_HEADER = "MacDown/Code/MacDown-Prefix.pch";
				INFOPLIST_FILE = "MacDown/MacDown-Info.plist";
				PRODUCT_NAME = MacDown;
				WRAPPER_EXTENSION = app;
			};
			name = Release;
		};
		1FA6DE591941CC9E000409FB /* Debug */ = {
			isa = XCBuildConfiguration;
			baseConfigurationReference = AB3B8954FAB54E3C803DDAEE /* Pods-MacDownTests.xcconfig */;
			buildSettings = {
				BUNDLE_LOADER = "$(BUILT_PRODUCTS_DIR)/MacDown.app/Contents/MacOS/MacDown";
				COMBINE_HIDPI_IMAGES = YES;
				FRAMEWORK_SEARCH_PATHS = (
					"$(DEVELOPER_FRAMEWORKS_DIR)",
					"$(inherited)",
				);
				GCC_PRECOMPILE_PREFIX_HEADER = YES;
				GCC_PREFIX_HEADER = "MacDown/Code/MacDown-Prefix.pch";
				GCC_PREPROCESSOR_DEFINITIONS = (
					"DEBUG=1",
					"$(inherited)",
				);
				INFOPLIST_FILE = "MacDownTests/MacDownTests-Info.plist";
				LIBRARY_SEARCH_PATHS = (
					"$(inherited)",
					"$(USER_LIBRARY_DIR)/Developer/Xcode/DerivedData/MacDown-ggdtxvuybojeqbhjydkhilziizrv/Build/Products/Debug",
				);
				PRODUCT_NAME = MacDownTests;
				TEST_HOST = "$(BUNDLE_LOADER)";
				WRAPPER_EXTENSION = xctest;
			};
			name = Debug;
		};
		1FA6DE5A1941CC9E000409FB /* Release */ = {
			isa = XCBuildConfiguration;
			baseConfigurationReference = AB3B8954FAB54E3C803DDAEE /* Pods-MacDownTests.xcconfig */;
			buildSettings = {
				BUNDLE_LOADER = "$(BUILT_PRODUCTS_DIR)/MacDown.app/Contents/MacOS/MacDown";
				COMBINE_HIDPI_IMAGES = YES;
				FRAMEWORK_SEARCH_PATHS = (
					"$(DEVELOPER_FRAMEWORKS_DIR)",
					"$(inherited)",
				);
				GCC_PRECOMPILE_PREFIX_HEADER = YES;
				GCC_PREFIX_HEADER = "MacDown/Code/MacDown-Prefix.pch";
				INFOPLIST_FILE = "MacDownTests/MacDownTests-Info.plist";
				LIBRARY_SEARCH_PATHS = (
					"$(inherited)",
					"$(USER_LIBRARY_DIR)/Developer/Xcode/DerivedData/MacDown-ggdtxvuybojeqbhjydkhilziizrv/Build/Products/Debug",
				);
				PRODUCT_NAME = MacDownTests;
				TEST_HOST = "$(BUNDLE_LOADER)";
				WRAPPER_EXTENSION = xctest;
			};
			name = Release;
		};
/* End XCBuildConfiguration section */

/* Begin XCConfigurationList section */
		1FA6DE1C1941CC9E000409FB /* Build configuration list for PBXProject "MacDown" */ = {
			isa = XCConfigurationList;
			buildConfigurations = (
				1FA6DE531941CC9E000409FB /* Debug */,
				1FA6DE541941CC9E000409FB /* Release */,
			);
			defaultConfigurationIsVisible = 0;
			defaultConfigurationName = Release;
		};
		1FA6DE551941CC9E000409FB /* Build configuration list for PBXNativeTarget "MacDown" */ = {
			isa = XCConfigurationList;
			buildConfigurations = (
				1FA6DE561941CC9E000409FB /* Debug */,
				1FA6DE571941CC9E000409FB /* Release */,
			);
			defaultConfigurationIsVisible = 0;
			defaultConfigurationName = Release;
		};
		1FA6DE581941CC9E000409FB /* Build configuration list for PBXNativeTarget "MacDownTests" */ = {
			isa = XCConfigurationList;
			buildConfigurations = (
				1FA6DE591941CC9E000409FB /* Debug */,
				1FA6DE5A1941CC9E000409FB /* Release */,
			);
			defaultConfigurationIsVisible = 0;
			defaultConfigurationName = Release;
		};
/* End XCConfigurationList section */
	};
	rootObject = 1FA6DE191941CC9E000409FB /* Project object */;
}
